
Microsoft Visual Studio Solution File, Format Version 12.00
# Visual Studio 2013
VisualStudioVersion = 12.0.31101.0
MinimumVisualStudioVersion = 10.0.40219.1
Project("{FAE04EC0-301F-11D3-BF4B-00C04F79EFBC}") = "WebApiCall", "WebApiCall\WebApiCall.csproj", "{4C7837F8-A780-4C14-846B-68620A6B2C00}"
EndProject
Project("{E24C65DC-7377-472B-9ABA-BC803B73C61A}") = "WebSite3", "http://localhost:59720", "{D44295D8-8783-4921-9100-7B65B5F98266}"
	ProjectSection(WebsiteProperties) = preProject
		UseIISExpress = "true"
		TargetFrameworkMoniker = ".NETFramework,Version%3Dv4.5"
		Debug.AspNetCompiler.VirtualPath = "/localhost_59720"
		Debug.AspNetCompiler.PhysicalPath = "..\..\WebSites\WebSite3\"
		Debug.AspNetCompiler.TargetPath = "PrecompiledWeb\localhost_59720\"
		Debug.AspNetCompiler.Updateable = "true"
		Debug.AspNetCompiler.ForceOverwrite = "true"
		Debug.AspNetCompiler.FixedNames = "false"
		Debug.AspNetCompiler.Debug = "True"
		Release.AspNetCompiler.VirtualPath = "/localhost_59720"
		Release.AspNetCompiler.PhysicalPath = "..\..\WebSites\WebSite3\"
		Release.AspNetCompiler.TargetPath = "PrecompiledWeb\localhost_59720\"
		Release.AspNetCompiler.Updateable = "true"
		Release.AspNetCompiler.ForceOverwrite = "true"
		Release.AspNetCompiler.FixedNames = "false"
		Release.AspNetCompiler.Debug = "False"
		SlnRelativePath = "..\..\WebSites\WebSite3\"
		DefaultWebSiteLanguage = "Visual C#"
	EndProjectSection
EndProject
Global
	GlobalSection(SolutionConfigurationPlatforms) = preSolution
		Debug|Any CPU = Debug|Any CPU
		Release|Any CPU = Release|Any CPU
	EndGlobalSection
	GlobalSection(ProjectConfigurationPlatforms) = postSolution
		{4C7837F8-A780-4C14-846B-68620A6B2C00}.Debug|Any CPU.ActiveCfg = Debug|Any CPU
		{4C7837F8-A780-4C14-846B-68620A6B2C00}.Debug|Any CPU.Build.0 = Debug|Any CPU
		{4C7837F8-A780-4C14-846B-68620A6B2C00}.Release|Any CPU.ActiveCfg = Release|Any CPU
		{4C7837F8-A780-4C14-846B-68620A6B2C00}.Release|Any CPU.Build.0 = Release|Any CPU
		{D44295D8-8783-4921-9100-7B65B5F98266}.Debug|Any CPU.ActiveCfg = Debug|Any CPU
		{D44295D8-8783-4921-9100-7B65B5F98266}.Debug|Any CPU.Build.0 = Debug|Any CPU
		{D44295D8-8783-4921-9100-7B65B5F98266}.Debug|Any CPU.Deploy.0 = Debug|Any CPU
		{D44295D8-8783-4921-9100-7B65B5F98266}.Release|Any CPU.ActiveCfg = Debug|Any CPU
		{D44295D8-8783-4921-9100-7B65B5F98266}.Release|Any CPU.Build.0 = Debug|Any CPU
	EndGlobalSection
	GlobalSection(SolutionProperties) = preSolution
		HideSolutionNode = FALSE
	EndGlobalSection
EndGlobal
